
Microsoft Visual Studio Solution File, Format Version 12.00
# Visual Studio Version 16
VisualStudioVersion = 16.0.31624.102
MinimumVisualStudioVersion = 10.0.40219.1
Project("{FAE04EC0-301F-11D3-BF4B-00C04F79EFBC}") = "DflatThroughCSV", "DflatThroughCSV.csproj", "{CA14AB74-9CC6-47AF-AF42-413CA2A0CDC5}"
EndProject
Global
	GlobalSection(SolutionConfigurationPlatforms) = preSolution
		Debug|Any CPU = Debug|Any CPU
		Release|Any CPU = Release|Any CPU
	EndGlobalSection
	GlobalSection(ProjectConfigurationPlatforms) = postSolution
		{CA14AB74-9CC6-47AF-AF42-413CA2A0CDC5}.Debug|Any CPU.ActiveCfg = Debug|Any CPU
		{CA14AB74-9CC6-47AF-AF42-413CA2A0CDC5}.Debug|Any CPU.Build.0 = Debug|Any CPU
		{CA14AB74-9CC6-47AF-AF42-413CA2A0CDC5}.Release|Any CPU.ActiveCfg = Release|Any CPU
		{CA14AB74-9CC6-47AF-AF42-413CA2A0CDC5}.Release|Any CPU.Build.0 = Release|Any CPU
	EndGlobalSection
	GlobalSection(SolutionProperties) = preSolution
		HideSolutionNode = FALSE
	EndGlobalSection
	GlobalSection(ExtensibilityGlobals) = postSolution
		SolutionGuid = {DB24C7B0-FA5C-43D5-A848-98B2911EC9D5}
	EndGlobalSection
EndGlobal
